
Microsoft Visual Studio Solution File, Format Version 12.00
# Visual Studio Version 17
VisualStudioVersion = 17.3.32922.545
MinimumVisualStudioVersion = 10.0.40219.1
Project("{FAE04EC0-301F-11D3-BF4B-00C04F79EFBC}") = "LIDL_Vererbung_M320", "LIDL_Vererbung_M320\LIDL_Vererbung_M320.csproj", "{76F17E59-52BD-486D-89BF-295C4B649323}"
EndProject
Global
	GlobalSection(SolutionConfigurationPlatforms) = preSolution
		Debug|Any CPU = Debug|Any CPU
		Release|Any CPU = Release|Any CPU
	EndGlobalSection
	GlobalSection(ProjectConfigurationPlatforms) = postSolution
		{76F17E59-52BD-486D-89BF-295C4B649323}.Debug|Any CPU.ActiveCfg = Debug|Any CPU
		{76F17E59-52BD-486D-89BF-295C4B649323}.Debug|Any CPU.Build.0 = Debug|Any CPU
		{76F17E59-52BD-486D-89BF-295C4B649323}.Release|Any CPU.ActiveCfg = Release|Any CPU
		{76F17E59-52BD-486D-89BF-295C4B649323}.Release|Any CPU.Build.0 = Release|Any CPU
	EndGlobalSection
	GlobalSection(SolutionProperties) = preSolution
		HideSolutionNode = FALSE
	EndGlobalSection
	GlobalSection(ExtensibilityGlobals) = postSolution
		SolutionGuid = {D5733FF5-A6C8-4817-8364-C5F411744CDD}
	EndGlobalSection
EndGlobal
